
Microsoft Visual Studio Solution File, Format Version 12.00
# Visual Studio 15
VisualStudioVersion = 15.0.28307.168
MinimumVisualStudioVersion = 10.0.40219.1
Project("{FAE04EC0-301F-11D3-BF4B-00C04F79EFBC}") = "VPKSoft.ScintillaTabbedTextControl", "VPKSoft.ScintillaTabbedTextControl.csproj", "{7522F687-CE76-4AF0-B3CD-9C027EDB5D5D}"
EndProject
Global
	GlobalSection(SolutionConfigurationPlatforms) = preSolution
		Debug|Any CPU = Debug|Any CPU
		Release|Any CPU = Release|Any CPU
	EndGlobalSection
	GlobalSection(ProjectConfigurationPlatforms) = postSolution
		{7522F687-CE76-4AF0-B3CD-9C027EDB5D5D}.Debug|Any CPU.ActiveCfg = Debug|Any CPU
		{7522F687-CE76-4AF0-B3CD-9C027EDB5D5D}.Debug|Any CPU.Build.0 = Debug|Any CPU
		{7522F687-CE76-4AF0-B3CD-9C027EDB5D5D}.Release|Any CPU.ActiveCfg = Release|Any CPU
		{7522F687-CE76-4AF0-B3CD-9C027EDB5D5D}.Release|Any CPU.Build.0 = Release|Any CPU
	EndGlobalSection
	GlobalSection(SolutionProperties) = preSolution
		HideSolutionNode = FALSE
	EndGlobalSection
	GlobalSection(ExtensibilityGlobals) = postSolution
		SolutionGuid = {2AB5060D-48E4-487E-8CE0-B549842DC007}
	EndGlobalSection
EndGlobal
